
Microsoft Visual Studio Solution File, Format Version 12.00
# Visual Studio Version 17
VisualStudioVersion = 17.4.33213.308
MinimumVisualStudioVersion = 10.0.40219.1
Project("{8BC9CEB8-8B4A-11D0-8D11-00A0C91BC942}") = "Patterns examination", "Patterns examination\Patterns examination.vcxproj", "{ADEB4D01-95AE-4813-AF08-7582A8E31239}"
EndProject
Global
	GlobalSection(SolutionConfigurationPlatforms) = preSolution
		Debug|x64 = Debug|x64
		Debug|x86 = Debug|x86
		Release|x64 = Release|x64
		Release|x86 = Release|x86
	EndGlobalSection
	GlobalSection(ProjectConfigurationPlatforms) = postSolution
		{ADEB4D01-95AE-4813-AF08-7582A8E31239}.Debug|x64.ActiveCfg = Debug|x64
		{ADEB4D01-95AE-4813-AF08-7582A8E31239}.Debug|x64.Build.0 = Debug|x64
		{ADEB4D01-95AE-4813-AF08-7582A8E31239}.Debug|x86.ActiveCfg = Debug|Win32
		{ADEB4D01-95AE-4813-AF08-7582A8E31239}.Debug|x86.Build.0 = Debug|Win32
		{ADEB4D01-95AE-4813-AF08-7582A8E31239}.Release|x64.ActiveCfg = Release|x64
		{ADEB4D01-95AE-4813-AF08-7582A8E31239}.Release|x64.Build.0 = Release|x64
		{ADEB4D01-95AE-4813-AF08-7582A8E31239}.Release|x86.ActiveCfg = Release|Win32
		{ADEB4D01-95AE-4813-AF08-7582A8E31239}.Release|x86.Build.0 = Release|Win32
	EndGlobalSection
	GlobalSection(SolutionProperties) = preSolution
		HideSolutionNode = FALSE
	EndGlobalSection
	GlobalSection(ExtensibilityGlobals) = postSolution
		SolutionGuid = {AD2348B1-E965-47F9-B436-1771CD5C5744}
	EndGlobalSection
EndGlobal
